{
  "name": "hms-license-generator",
  "version": "1.0.0",
  "lockfileVersion": 3,
  "requires": true,
  "packages": {
    "": {
      "name": "hms-license-generator",
      "version": "1.0.0",
      "license": "UNLICENSED",
      "bin": {
        "hms-license": "index.js"
      },
      "engines": {
        "node": ">=18"
      }
    }
  }
}
